{
  "name": "nextjs-app",
  "version": "1.0.0",
  "lockfileVersion": 3,
  "requires": true,
  "packages": {
    "": {
      "name": "nextjs-app",
      "version": "1.0.0",
      "dependencies": {
        "next": "14.2.5",
        "picomatch": "2.3.1",
        "react": "18.3.1",
        "react-dom": "18.3.1"
      }
    },
    "node_modules/picomatch": {
      "version": "2.3.1",
      "resolved": "https://registry.npmjs.org/picomatch/-/picomatch-2.3.1.tgz",
      "integrity": "sha512-JV3i1A0Cy7zY6r1D/7++UZ5EONosFVJeFt3IAPJS3BM4tiTqcKoy0eZZ+j9RnBbTK1ZBOqVakiobP6KyHRxY6g==",
      "license": "MIT"
    }
  }
}
